{
  "name": "shares",
  "version": "1.0.0",
  "lockfileVersion": 1,
  "requires": true,
  "dependencies": {
    "assertion-error": {
      "version": "1.1.0",
      "resolved": "https://registry.npmjs.org/assertion-error/-/assertion-error-1.1.0.tgz",
      "integrity": "sha1-5gtrDo8wG9l+U3UhW9pAbIURjAs=",
      "dev": true
    },
    "chai": {
      "version": "4.1.2",
      "resolved": "https://registry.npmjs.org/chai/-/chai-4.1.2.tgz",
      "integrity": "sha1-D2RYS6ZC8PKs4oBiefTwbKI61zw=",
      "dev": true,
      "requires": {
        "assertion-error": "1.1.0",
        "check-error": "1.0.2",
        "deep-eql": "3.0.1",
        "get-func-name": "2.0.0",
        "pathval": "1.1.0",
        "type-detect": "4.0.8"
      }
    },
    "chai-as-promised": {
      "version": "7.1.1",
      "resolved": "https://registry.npmjs.org/chai-as-promised/-/chai-as-promised-7.1.1.tgz",
      "integrity": "sha1-CGRdgl3rhpbuYXJdv1kMAS6wDKA=",
      "dev": true,
      "requires": {
        "check-error": "1.0.2"
      }
    },
    "chai-bignumber": {
      "version": "2.0.2",
      "resolved": "https://registry.npmjs.org/chai-bignumber/-/chai-bignumber-2.0.2.tgz",
      "integrity": "sha1-3mwhnGkLLWa2Rq1pMAlvm6IZlkM=",
      "dev": true
    },
    "check-error": {
      "version": "1.0.2",
      "resolved": "https://registry.npmjs.org/check-error/-/check-error-1.0.2.tgz",
      "integrity": "sha1-V00xLt2Iu13YkS6Sht1sCu1KrII=",
      "dev": true
    },
    "deep-eql": {
      "version": "3.0.1",
      "resolved": "https://registry.npmjs.org/deep-eql/-/deep-eql-3.0.1.tgz",
      "integrity": "sha1-38lARACtHI/gI+faHfHBR8S0RN8=",
      "dev": true,
      "requires": {
        "type-detect": "4.0.8"
      }
    },
    "get-func-name": {
      "version": "2.0.0",
      "resolved": "https://registry.npmjs.org/get-func-name/-/get-func-name-2.0.0.tgz",
      "integrity": "sha1-6td0q+5y4gQJQzoGY2YCPdaIekE=",
      "dev": true
    },
    "pathval": {
      "version": "1.1.0",
      "resolved": "https://registry.npmjs.org/pathval/-/pathval-1.1.0.tgz",
      "integrity": "sha1-uULm1L3mUwBe9rcTYd74cn0GReA=",
      "dev": true
    },
    "type-detect": {
      "version": "4.0.8",
      "resolved": "https://registry.npmjs.org/type-detect/-/type-detect-4.0.8.tgz",
      "integrity": "sha1-dkb7XxiHHPu3dJ5pvTmmOI63RQw=",
      "dev": true
    }
  }
}
